// !$*UTF8*$!
{
	archiveVersion = 1;
	classes = {
	};
	objectVersion = 56;
	objects = {

/* Begin PBXBuildFile section */
		A8F91FEC9917F9B16CB69A3A /* Pods_GrintaTask.framework in Frameworks */ = {isa = PBXBuildFile; fileRef = E92BCEF6A9FB7EFA62212C23 /* Pods_GrintaTask.framework */; };
		BF648EBD2A99E17900EACD20 /* AppDelegate.swift in Sources */ = {isa = PBXBuildFile; fileRef = BF648EBC2A99E17900EACD20 /* AppDelegate.swift */; };
		BF648EBF2A99E17900EACD20 /* SceneDelegate.swift in Sources */ = {isa = PBXBuildFile; fileRef = BF648EBE2A99E17900EACD20 /* SceneDelegate.swift */; };
		BF648EC62A99E17A00EACD20 /* Assets.xcassets in Resources */ = {isa = PBXBuildFile; fileRef = BF648EC52A99E17A00EACD20 /* Assets.xcassets */; };
		BF648EC92A99E17A00EACD20 /* LaunchScreen.storyboard in Resources */ = {isa = PBXBuildFile; fileRef = BF648EC72A99E17A00EACD20 /* LaunchScreen.storyboard */; };
		BF648ED32A99E5FC00EACD20 /* HomeViewController.swift in Sources */ = {isa = PBXBuildFile; fileRef = BF648ED12A99E5FC00EACD20 /* HomeViewController.swift */; };
		BF648ED42A99E5FC00EACD20 /* HomeViewController.xib in Resources */ = {isa = PBXBuildFile; fileRef = BF648ED22A99E5FC00EACD20 /* HomeViewController.xib */; };
		BF648EDC2A99E9DD00EACD20 /* AppDelegate+Extension.swift in Sources */ = {isa = PBXBuildFile; fileRef = BF648EDB2A99E9DD00EACD20 /* AppDelegate+Extension.swift */; };
		BF648EDE2A99EA4F00EACD20 /* NetworkManager.swift in Sources */ = {isa = PBXBuildFile; fileRef = BF648EDD2A99EA4F00EACD20 /* NetworkManager.swift */; };
		BF648EE02A99EBB100EACD20 /* NetworkManager+ParseResponse.swift in Sources */ = {isa = PBXBuildFile; fileRef = BF648EDF2A99EBB100EACD20 /* NetworkManager+ParseResponse.swift */; };
		BF648EE22A99EBC800EACD20 /* NetworkDefaults.swift in Sources */ = {isa = PBXBuildFile; fileRef = BF648EE12A99EBC800EACD20 /* NetworkDefaults.swift */; };
		BF648EE52A99EBF400EACD20 /* NetworkError.swift in Sources */ = {isa = PBXBuildFile; fileRef = BF648EE42A99EBF400EACD20 /* NetworkError.swift */; };
		BF648EE92A99ED0B00EACD20 /* Environment.swift in Sources */ = {isa = PBXBuildFile; fileRef = BF648EE82A99ED0B00EACD20 /* Environment.swift */; };
		BF648EF12A99EFCE00EACD20 /* MatcheService.swift in Sources */ = {isa = PBXBuildFile; fileRef = BF648EF02A99EFCE00EACD20 /* MatcheService.swift */; };
		BF648EF32A99EFDA00EACD20 /* NetworkManager+Matche.swift in Sources */ = {isa = PBXBuildFile; fileRef = BF648EF22A99EFDA00EACD20 /* NetworkManager+Matche.swift */; };
		BF648EF62A99F4F800EACD20 /* MatcheModel.swift in Sources */ = {isa = PBXBuildFile; fileRef = BF648EF52A99F4F800EACD20 /* MatcheModel.swift */; };
		BF648EF82A99F51E00EACD20 /* NetworkResponse.swift in Sources */ = {isa = PBXBuildFile; fileRef = BF648EF72A99F51E00EACD20 /* NetworkResponse.swift */; };
		BF648EFC2A99FECB00EACD20 /* TeamModel.swift in Sources */ = {isa = PBXBuildFile; fileRef = BF648EFB2A99FECB00EACD20 /* TeamModel.swift */; };
		BF648EFE2A99FEDB00EACD20 /* ScoreModel.swift in Sources */ = {isa = PBXBuildFile; fileRef = BF648EFD2A99FEDB00EACD20 /* ScoreModel.swift */; };
		BF648F002A99FEFC00EACD20 /* PointModel.swift in Sources */ = {isa = PBXBuildFile; fileRef = BF648EFF2A99FEFC00EACD20 /* PointModel.swift */; };
		BF648F022A9A046500EACD20 /* HomeViewModel.swift in Sources */ = {isa = PBXBuildFile; fileRef = BF648F012A9A046500EACD20 /* HomeViewModel.swift */; };
		BF648F052A9A04D200EACD20 /* BaseViewController.swift in Sources */ = {isa = PBXBuildFile; fileRef = BF648F042A9A04D200EACD20 /* BaseViewController.swift */; };
		BF648F072A9A04DC00EACD20 /* BaseViewModelProtocol.swift in Sources */ = {isa = PBXBuildFile; fileRef = BF648F062A9A04DC00EACD20 /* BaseViewModelProtocol.swift */; };
		BF648F0A2A9A057B00EACD20 /* Loader.swift in Sources */ = {isa = PBXBuildFile; fileRef = BF648F092A9A057B00EACD20 /* Loader.swift */; };
		BF648F0D2A9A059200EACD20 /* LoaderProtocol.swift in Sources */ = {isa = PBXBuildFile; fileRef = BF648F0C2A9A059200EACD20 /* LoaderProtocol.swift */; };
		BF648F102A9A05BD00EACD20 /* Colors.xcassets in Resources */ = {isa = PBXBuildFile; fileRef = BF648F0F2A9A05BD00EACD20 /* Colors.xcassets */; };
		BF648F132A9A185D00EACD20 /* UIColor+app.swift in Sources */ = {isa = PBXBuildFile; fileRef = BF648F122A9A185D00EACD20 /* UIColor+app.swift */; };
		BF648F152A9A186700EACD20 /* NSObject+Extension.swift in Sources */ = {isa = PBXBuildFile; fileRef = BF648F142A9A186700EACD20 /* NSObject+Extension.swift */; };
		BF648F192A9A25CF00EACD20 /* Container.swift in Sources */ = {isa = PBXBuildFile; fileRef = BF648F182A9A25CF00EACD20 /* Container.swift */; };
		BF648F1C2A9A261100EACD20 /* AppNavigationController.swift in Sources */ = {isa = PBXBuildFile; fileRef = BF648F1B2A9A261100EACD20 /* AppNavigationController.swift */; };
		BF648F1F2A9A266200EACD20 /* AppManager.swift in Sources */ = {isa = PBXBuildFile; fileRef = BF648F1E2A9A266200EACD20 /* AppManager.swift */; };
		BF648F212A9A269900EACD20 /* SceneDelegate+Extension.swift in Sources */ = {isa = PBXBuildFile; fileRef = BF648F202A9A269900EACD20 /* SceneDelegate+Extension.swift */; };
		BF648F242A9A341100EACD20 /* MatcheTableViewCell.swift in Sources */ = {isa = PBXBuildFile; fileRef = BF648F222A9A341100EACD20 /* MatcheTableViewCell.swift */; };
		BF648F252A9A341100EACD20 /* MatcheTableViewCell.xib in Resources */ = {isa = PBXBuildFile; fileRef = BF648F232A9A341100EACD20 /* MatcheTableViewCell.xib */; };
		BF648F292A9A7DC000EACD20 /* TimeDateFormat.swift in Sources */ = {isa = PBXBuildFile; fileRef = BF648F282A9A7DC000EACD20 /* TimeDateFormat.swift */; };
		BF648F2D2A9B3E8F00EACD20 /* MatcheHeaderView.swift in Sources */ = {isa = PBXBuildFile; fileRef = BF648F2C2A9B3E8F00EACD20 /* MatcheHeaderView.swift */; };
		BF648F2F2A9B3E9800EACD20 /* MatcheHeaderView.xib in Resources */ = {isa = PBXBuildFile; fileRef = BF648F2E2A9B3E9800EACD20 /* MatcheHeaderView.xib */; };
/* End PBXBuildFile section */

/* Begin PBXFileReference section */
		10EE39D567D9CBBE61499BF3 /* Pods-GrintaTask.debug stage.xcconfig */ = {isa = PBXFileReference; includeInIndex = 1; lastKnownFileType = text.xcconfig; name = "Pods-GrintaTask.debug stage.xcconfig"; path = "Target Support Files/Pods-GrintaTask/Pods-GrintaTask.debug stage.xcconfig"; sourceTree = "<group>"; };
		2A1765B3A5668D53C9E3EF05 /* Pods-GrintaTask.release stage.xcconfig */ = {isa = PBXFileReference; includeInIndex = 1; lastKnownFileType = text.xcconfig; name = "Pods-GrintaTask.release stage.xcconfig"; path = "Target Support Files/Pods-GrintaTask/Pods-GrintaTask.release stage.xcconfig"; sourceTree = "<group>"; };
		54F2CC0B5A09BA9ED2260A60 /* Pods-GrintaTask.debug.xcconfig */ = {isa = PBXFileReference; includeInIndex = 1; lastKnownFileType = text.xcconfig; name = "Pods-GrintaTask.debug.xcconfig"; path = "Target Support Files/Pods-GrintaTask/Pods-GrintaTask.debug.xcconfig"; sourceTree = "<group>"; };
		A48E462EA9FFFFCF3F3EB0CE /* Pods-GrintaTask.release.xcconfig */ = {isa = PBXFileReference; includeInIndex = 1; lastKnownFileType = text.xcconfig; name = "Pods-GrintaTask.release.xcconfig"; path = "Target Support Files/Pods-GrintaTask/Pods-GrintaTask.release.xcconfig"; sourceTree = "<group>"; };
		B7C19E22FB7D949EF8830E29 /* Pods-GrintaTask.release live.xcconfig */ = {isa = PBXFileReference; includeInIndex = 1; lastKnownFileType = text.xcconfig; name = "Pods-GrintaTask.release live.xcconfig"; path = "Target Support Files/Pods-GrintaTask/Pods-GrintaTask.release live.xcconfig"; sourceTree = "<group>"; };
		BF648EB92A99E17900EACD20 /* GrintaTask.app */ = {isa = PBXFileReference; explicitFileType = wrapper.application; includeInIndex = 0; path = GrintaTask.app; sourceTree = BUILT_PRODUCTS_DIR; };
		BF648EBC2A99E17900EACD20 /* AppDelegate.swift */ = {isa = PBXFileReference; lastKnownFileType = sourcecode.swift; path = AppDelegate.swift; sourceTree = "<group>"; };
		BF648EBE2A99E17900EACD20 /* SceneDelegate.swift */ = {isa = PBXFileReference; lastKnownFileType = sourcecode.swift; path = SceneDelegate.swift; sourceTree = "<group>"; };
		BF648EC52A99E17A00EACD20 /* Assets.xcassets */ = {isa = PBXFileReference; lastKnownFileType = folder.assetcatalog; path = Assets.xcassets; sourceTree = "<group>"; };
		BF648EC82A99E17A00EACD20 /* Base */ = {isa = PBXFileReference; lastKnownFileType = file.storyboard; name = Base; path = Base.lproj/LaunchScreen.storyboard; sourceTree = "<group>"; };
		BF648ECA2A99E17A00EACD20 /* Info.plist */ = {isa = PBXFileReference; lastKnownFileType = text.plist.xml; path = Info.plist; sourceTree = "<group>"; };
		BF648ED12A99E5FC00EACD20 /* HomeViewController.swift */ = {isa = PBXFileReference; lastKnownFileType = sourcecode.swift; path = HomeViewController.swift; sourceTree = "<group>"; };
		BF648ED22A99E5FC00EACD20 /* HomeViewController.xib */ = {isa = PBXFileReference; lastKnownFileType = file.xib; path = HomeViewController.xib; sourceTree = "<group>"; };
		BF648EDB2A99E9DD00EACD20 /* AppDelegate+Extension.swift */ = {isa = PBXFileReference; lastKnownFileType = sourcecode.swift; path = "AppDelegate+Extension.swift"; sourceTree = "<group>"; };
		BF648EDD2A99EA4F00EACD20 /* NetworkManager.swift */ = {isa = PBXFileReference; lastKnownFileType = sourcecode.swift; path = NetworkManager.swift; sourceTree = "<group>"; };
		BF648EDF2A99EBB100EACD20 /* NetworkManager+ParseResponse.swift */ = {isa = PBXFileReference; lastKnownFileType = sourcecode.swift; path = "NetworkManager+ParseResponse.swift"; sourceTree = "<group>"; };
		BF648EE12A99EBC800EACD20 /* NetworkDefaults.swift */ = {isa = PBXFileReference; lastKnownFileType = sourcecode.swift; path = NetworkDefaults.swift; sourceTree = "<group>"; };
		BF648EE42A99EBF400EACD20 /* NetworkError.swift */ = {isa = PBXFileReference; lastKnownFileType = sourcecode.swift; path = NetworkError.swift; sourceTree = "<group>"; };
		BF648EE82A99ED0B00EACD20 /* Environment.swift */ = {isa = PBXFileReference; lastKnownFileType = sourcecode.swift; path = Environment.swift; sourceTree = "<group>"; };
		BF648EEA2A99ED1D00EACD20 /* Stage.xcconfig */ = {isa = PBXFileReference; lastKnownFileType = text.xcconfig; path = Stage.xcconfig; sourceTree = "<group>"; };
		BF648EEB2A99ED2500EACD20 /* Live.xcconfig */ = {isa = PBXFileReference; lastKnownFileType = text.xcconfig; path = Live.xcconfig; sourceTree = "<group>"; };
		BF648EF02A99EFCE00EACD20 /* MatcheService.swift */ = {isa = PBXFileReference; lastKnownFileType = sourcecode.swift; path = MatcheService.swift; sourceTree = "<group>"; };
		BF648EF22A99EFDA00EACD20 /* NetworkManager+Matche.swift */ = {isa = PBXFileReference; lastKnownFileType = sourcecode.swift; path = "NetworkManager+Matche.swift"; sourceTree = "<group>"; };
		BF648EF52A99F4F800EACD20 /* MatcheModel.swift */ = {isa = PBXFileReference; lastKnownFileType = sourcecode.swift; path = MatcheModel.swift; sourceTree = "<group>"; };
		BF648EF72A99F51E00EACD20 /* NetworkResponse.swift */ = {isa = PBXFileReference; lastKnownFileType = sourcecode.swift; path = NetworkResponse.swift; sourceTree = "<group>"; };
		BF648EFB2A99FECB00EACD20 /* TeamModel.swift */ = {isa = PBXFileReference; lastKnownFileType = sourcecode.swift; path = TeamModel.swift; sourceTree = "<group>"; };
		BF648EFD2A99FEDB00EACD20 /* ScoreModel.swift */ = {isa = PBXFileReference; lastKnownFileType = sourcecode.swift; path = ScoreModel.swift; sourceTree = "<group>"; };
		BF648EFF2A99FEFC00EACD20 /* PointModel.swift */ = {isa = PBXFileReference; lastKnownFileType = sourcecode.swift; path = PointModel.swift; sourceTree = "<group>"; };
		BF648F012A9A046500EACD20 /* HomeViewModel.swift */ = {isa = PBXFileReference; lastKnownFileType = sourcecode.swift; path = HomeViewModel.swift; sourceTree = "<group>"; };
		BF648F042A9A04D200EACD20 /* BaseViewController.swift */ = {isa = PBXFileReference; lastKnownFileType = sourcecode.swift; path = BaseViewController.swift; sourceTree = "<group>"; };
		BF648F062A9A04DC00EACD20 /* BaseViewModelProtocol.swift */ = {isa = PBXFileReference; lastKnownFileType = sourcecode.swift; path = BaseViewModelProtocol.swift; sourceTree = "<group>"; };
		BF648F092A9A057B00EACD20 /* Loader.swift */ = {isa = PBXFileReference; lastKnownFileType = sourcecode.swift; path = Loader.swift; sourceTree = "<group>"; };
		BF648F0C2A9A059200EACD20 /* LoaderProtocol.swift */ = {isa = PBXFileReference; lastKnownFileType = sourcecode.swift; path = LoaderProtocol.swift; sourceTree = "<group>"; };
		BF648F0F2A9A05BD00EACD20 /* Colors.xcassets */ = {isa = PBXFileReference; lastKnownFileType = folder.assetcatalog; path = Colors.xcassets; sourceTree = "<group>"; };
		BF648F122A9A185D00EACD20 /* UIColor+app.swift */ = {isa = PBXFileReference; lastKnownFileType = sourcecode.swift; path = "UIColor+app.swift"; sourceTree = "<group>"; };
		BF648F142A9A186700EACD20 /* NSObject+Extension.swift */ = {isa = PBXFileReference; lastKnownFileType = sourcecode.swift; path = "NSObject+Extension.swift"; sourceTree = "<group>"; };
		BF648F182A9A25CF00EACD20 /* Container.swift */ = {isa = PBXFileReference; lastKnownFileType = sourcecode.swift; path = Container.swift; sourceTree = "<group>"; };
		BF648F1B2A9A261100EACD20 /* AppNavigationController.swift */ = {isa = PBXFileReference; lastKnownFileType = sourcecode.swift; path = AppNavigationController.swift; sourceTree = "<group>"; };
		BF648F1E2A9A266200EACD20 /* AppManager.swift */ = {isa = PBXFileReference; lastKnownFileType = sourcecode.swift; path = AppManager.swift; sourceTree = "<group>"; };
		BF648F202A9A269900EACD20 /* SceneDelegate+Extension.swift */ = {isa = PBXFileReference; lastKnownFileType = sourcecode.swift; path = "SceneDelegate+Extension.swift"; sourceTree = "<group>"; };
		BF648F222A9A341100EACD20 /* MatcheTableViewCell.swift */ = {isa = PBXFileReference; lastKnownFileType = sourcecode.swift; path = MatcheTableViewCell.swift; sourceTree = "<group>"; };
		BF648F232A9A341100EACD20 /* MatcheTableViewCell.xib */ = {isa = PBXFileReference; lastKnownFileType = file.xib; path = MatcheTableViewCell.xib; sourceTree = "<group>"; };
		BF648F282A9A7DC000EACD20 /* TimeDateFormat.swift */ = {isa = PBXFileReference; lastKnownFileType = sourcecode.swift; path = TimeDateFormat.swift; sourceTree = "<group>"; };
		BF648F2C2A9B3E8F00EACD20 /* MatcheHeaderView.swift */ = {isa = PBXFileReference; lastKnownFileType = sourcecode.swift; path = MatcheHeaderView.swift; sourceTree = "<group>"; };
		BF648F2E2A9B3E9800EACD20 /* MatcheHeaderView.xib */ = {isa = PBXFileReference; lastKnownFileType = file.xib; path = MatcheHeaderView.xib; sourceTree = "<group>"; };
		E92BCEF6A9FB7EFA62212C23 /* Pods_GrintaTask.framework */ = {isa = PBXFileReference; explicitFileType = wrapper.framework; includeInIndex = 0; path = Pods_GrintaTask.framework; sourceTree = BUILT_PRODUCTS_DIR; };
		FA370036943523F0926EBB77 /* Pods-GrintaTask.debug live.xcconfig */ = {isa = PBXFileReference; includeInIndex = 1; lastKnownFileType = text.xcconfig; name = "Pods-GrintaTask.debug live.xcconfig"; path = "Target Support Files/Pods-GrintaTask/Pods-GrintaTask.debug live.xcconfig"; sourceTree = "<group>"; };
/* End PBXFileReference section */

/* Begin PBXFrameworksBuildPhase section */
		BF648EB62A99E17900EACD20 /* Frameworks */ = {
			isa = PBXFrameworksBuildPhase;
			buildActionMask = 2147483647;
			files = (
				A8F91FEC9917F9B16CB69A3A /* Pods_GrintaTask.framework in Frameworks */,
			);
			runOnlyForDeploymentPostprocessing = 0;
		};
/* End PBXFrameworksBuildPhase section */

/* Begin PBXGroup section */
		812DB55537E245848C8A60AD /* Pods */ = {
			isa = PBXGroup;
			children = (
				54F2CC0B5A09BA9ED2260A60 /* Pods-GrintaTask.debug.xcconfig */,
				A48E462EA9FFFFCF3F3EB0CE /* Pods-GrintaTask.release.xcconfig */,
				10EE39D567D9CBBE61499BF3 /* Pods-GrintaTask.debug stage.xcconfig */,
				FA370036943523F0926EBB77 /* Pods-GrintaTask.debug live.xcconfig */,
				2A1765B3A5668D53C9E3EF05 /* Pods-GrintaTask.release stage.xcconfig */,
				B7C19E22FB7D949EF8830E29 /* Pods-GrintaTask.release live.xcconfig */,
			);
			path = Pods;
			sourceTree = "<group>";
		};
		B536AE70D6218136EE3DEB24 /* Frameworks */ = {
			isa = PBXGroup;
			children = (
				E92BCEF6A9FB7EFA62212C23 /* Pods_GrintaTask.framework */,
			);
			name = Frameworks;
			sourceTree = "<group>";
		};
		BF648EB02A99E17900EACD20 = {
			isa = PBXGroup;
			children = (
				BF648EBB2A99E17900EACD20 /* GrintaTask */,
				BF648EBA2A99E17900EACD20 /* Products */,
				812DB55537E245848C8A60AD /* Pods */,
				B536AE70D6218136EE3DEB24 /* Frameworks */,
			);
			sourceTree = "<group>";
		};
		BF648EBA2A99E17900EACD20 /* Products */ = {
			isa = PBXGroup;
			children = (
				BF648EB92A99E17900EACD20 /* GrintaTask.app */,
			);
			name = Products;
			sourceTree = "<group>";
		};
		BF648EBB2A99E17900EACD20 /* GrintaTask */ = {
			isa = PBXGroup;
			children = (
				BF648ECA2A99E17A00EACD20 /* Info.plist */,
				BF648ED52A99E60A00EACD20 /* AppDelegate+SceneDelegate */,
				BF648F032A9A04C200EACD20 /* Base */,
				BF648ED92A99E89100EACD20 /* NetworkServices */,
				BF648EE32A99EBE200EACD20 /* Models */,
				BF648F112A9A184800EACD20 /* Extensions */,
				BF648ED72A99E62700EACD20 /* Resources */,
				BF648F082A9A056200EACD20 /* Custom */,
				BF648F172A9A25BA00EACD20 /* Service */,
				BF648F1D2A9A265800EACD20 /* Utilities */,
				BF648ED62A99E62500EACD20 /* StoryBoard */,
				BF648ED02A99E5E600EACD20 /* Scenes */,
			);
			path = GrintaTask;
			sourceTree = "<group>";
		};
		BF648ED02A99E5E600EACD20 /* Scenes */ = {
			isa = PBXGroup;
			children = (
				BF648ED82A99E69700EACD20 /* Home */,
			);
			path = Scenes;
			sourceTree = "<group>";
		};
		BF648ED52A99E60A00EACD20 /* AppDelegate+SceneDelegate */ = {
			isa = PBXGroup;
			children = (
				BF648EBC2A99E17900EACD20 /* AppDelegate.swift */,
				BF648EDB2A99E9DD00EACD20 /* AppDelegate+Extension.swift */,
				BF648EBE2A99E17900EACD20 /* SceneDelegate.swift */,
				BF648F202A9A269900EACD20 /* SceneDelegate+Extension.swift */,
			);
			path = "AppDelegate+SceneDelegate";
			sourceTree = "<group>";
		};
		BF648ED62A99E62500EACD20 /* StoryBoard */ = {
			isa = PBXGroup;
			children = (
				BF648EC72A99E17A00EACD20 /* LaunchScreen.storyboard */,
			);
			path = StoryBoard;
			sourceTree = "<group>";
		};
		BF648ED72A99E62700EACD20 /* Resources */ = {
			isa = PBXGroup;
			children = (
				BF648F0E2A9A05B100EACD20 /* Colors */,
				BF648EE72A99ECE400EACD20 /* Assets */,
				BF648EE62A99ECE200EACD20 /* Configurations */,
			);
			path = Resources;
			sourceTree = "<group>";
		};
		BF648ED82A99E69700EACD20 /* Home */ = {
			isa = PBXGroup;
			children = (
				BF648F2B2A9B3E5800EACD20 /* Header */,
				BF648EF92A99F8B300EACD20 /* Cell */,
				BF648ED12A99E5FC00EACD20 /* HomeViewController.swift */,
				BF648ED22A99E5FC00EACD20 /* HomeViewController.xib */,
				BF648F012A9A046500EACD20 /* HomeViewModel.swift */,
			);
			path = Home;
			sourceTree = "<group>";
		};
		BF648ED92A99E89100EACD20 /* NetworkServices */ = {
			isa = PBXGroup;
			children = (
				BF648EDA2A99E9BC00EACD20 /* Services */,
				BF648EDD2A99EA4F00EACD20 /* NetworkManager.swift */,
				BF648EDF2A99EBB100EACD20 /* NetworkManager+ParseResponse.swift */,
				BF648EE12A99EBC800EACD20 /* NetworkDefaults.swift */,
			);
			path = NetworkServices;
			sourceTree = "<group>";
		};
		BF648EDA2A99E9BC00EACD20 /* Services */ = {
			isa = PBXGroup;
			children = (
				BF648EFA2A99FEA800EACD20 /* Matche Service */,
			);
			path = Services;
			sourceTree = "<group>";
		};
		BF648EE32A99EBE200EACD20 /* Models */ = {
			isa = PBXGroup;
			children = (
				BF648EF42A99F4E900EACD20 /* Matche */,
				BF648EE42A99EBF400EACD20 /* NetworkError.swift */,
				BF648EF72A99F51E00EACD20 /* NetworkResponse.swift */,
			);
			path = Models;
			sourceTree = "<group>";
		};
		BF648EE62A99ECE200EACD20 /* Configurations */ = {
			isa = PBXGroup;
			children = (
				BF648EE82A99ED0B00EACD20 /* Environment.swift */,
				BF648EEA2A99ED1D00EACD20 /* Stage.xcconfig */,
				BF648EEB2A99ED2500EACD20 /* Live.xcconfig */,
			);
			path = Configurations;
			sourceTree = "<group>";
		};
		BF648EE72A99ECE400EACD20 /* Assets */ = {
			isa = PBXGroup;
			children = (
				BF648EC52A99E17A00EACD20 /* Assets.xcassets */,
			);
			path = Assets;
			sourceTree = "<group>";
		};
		BF648EF42A99F4E900EACD20 /* Matche */ = {
			isa = PBXGroup;
			children = (
				BF648EF52A99F4F800EACD20 /* MatcheModel.swift */,
				BF648EFB2A99FECB00EACD20 /* TeamModel.swift */,
				BF648EFD2A99FEDB00EACD20 /* ScoreModel.swift */,
				BF648EFF2A99FEFC00EACD20 /* PointModel.swift */,
			);
			path = Matche;
			sourceTree = "<group>";
		};
		BF648EF92A99F8B300EACD20 /* Cell */ = {
			isa = PBXGroup;
			children = (
				BF648F222A9A341100EACD20 /* MatcheTableViewCell.swift */,
				BF648F232A9A341100EACD20 /* MatcheTableViewCell.xib */,
			);
			path = Cell;
			sourceTree = "<group>";
		};
		BF648EFA2A99FEA800EACD20 /* Matche Service */ = {
			isa = PBXGroup;
			children = (
				BF648EF02A99EFCE00EACD20 /* MatcheService.swift */,
				BF648EF22A99EFDA00EACD20 /* NetworkManager+Matche.swift */,
			);
			path = "Matche Service";
			sourceTree = "<group>";
		};
		BF648F032A9A04C200EACD20 /* Base */ = {
			isa = PBXGroup;
			children = (
				BF648F042A9A04D200EACD20 /* BaseViewController.swift */,
				BF648F062A9A04DC00EACD20 /* BaseViewModelProtocol.swift */,
			);
			path = Base;
			sourceTree = "<group>";
		};
		BF648F082A9A056200EACD20 /* Custom */ = {
			isa = PBXGroup;
			children = (
				BF648F1A2A9A25EB00EACD20 /* AppNavigationController */,
				BF648F0B2A9A057F00EACD20 /* Loader */,
				BF648F2A2A9A896D00EACD20 /* Formatter */,
			);
			path = Custom;
			sourceTree = "<group>";
		};
		BF648F0B2A9A057F00EACD20 /* Loader */ = {
			isa = PBXGroup;
			children = (
				BF648F092A9A057B00EACD20 /* Loader.swift */,
				BF648F0C2A9A059200EACD20 /* LoaderProtocol.swift */,
			);
			path = Loader;
			sourceTree = "<group>";
		};
		BF648F0E2A9A05B100EACD20 /* Colors */ = {
			isa = PBXGroup;
			children = (
				BF648F0F2A9A05BD00EACD20 /* Colors.xcassets */,
			);
			path = Colors;
			sourceTree = "<group>";
		};
		BF648F112A9A184800EACD20 /* Extensions */ = {
			isa = PBXGroup;
			children = (
				BF648F122A9A185D00EACD20 /* UIColor+app.swift */,
				BF648F142A9A186700EACD20 /* NSObject+Extension.swift */,
			);
			path = Extensions;
			sourceTree = "<group>";
		};
		BF648F162A9A25B500EACD20 /* Container */ = {
			isa = PBXGroup;
			children = (
				BF648F182A9A25CF00EACD20 /* Container.swift */,
			);
			path = Container;
			sourceTree = "<group>";
		};
		BF648F172A9A25BA00EACD20 /* Service */ = {
			isa = PBXGroup;
			children = (
				BF648F162A9A25B500EACD20 /* Container */,
			);
			path = Service;
			sourceTree = "<group>";
		};
		BF648F1A2A9A25EB00EACD20 /* AppNavigationController */ = {
			isa = PBXGroup;
			children = (
				BF648F1B2A9A261100EACD20 /* AppNavigationController.swift */,
			);
			path = AppNavigationController;
			sourceTree = "<group>";
		};
		BF648F1D2A9A265800EACD20 /* Utilities */ = {
			isa = PBXGroup;
			children = (
				BF648F1E2A9A266200EACD20 /* AppManager.swift */,
			);
			path = Utilities;
			sourceTree = "<group>";
		};
		BF648F2A2A9A896D00EACD20 /* Formatter */ = {
			isa = PBXGroup;
			children = (
				BF648F282A9A7DC000EACD20 /* TimeDateFormat.swift */,
			);
			path = Formatter;
			sourceTree = "<group>";
		};
		BF648F2B2A9B3E5800EACD20 /* Header */ = {
			isa = PBXGroup;
			children = (
				BF648F2C2A9B3E8F00EACD20 /* MatcheHeaderView.swift */,
				BF648F2E2A9B3E9800EACD20 /* MatcheHeaderView.xib */,
			);
			path = Header;
			sourceTree = "<group>";
		};
/* End PBXGroup section */

/* Begin PBXNativeTarget section */
		BF648EB82A99E17900EACD20 /* GrintaTask */ = {
			isa = PBXNativeTarget;
			buildConfigurationList = BF648ECD2A99E17A00EACD20 /* Build configuration list for PBXNativeTarget "GrintaTask" */;
			buildPhases = (
				3F15151EF412C8F0D4A629F1 /* [CP] Check Pods Manifest.lock */,
				BF648EB52A99E17900EACD20 /* Sources */,
				BF648EB62A99E17900EACD20 /* Frameworks */,
				BF648EB72A99E17900EACD20 /* Resources */,
				45122641E6235B6E524EB2AF /* [CP] Embed Pods Frameworks */,
			);
			buildRules = (
			);
			dependencies = (
			);
			name = GrintaTask;
			productName = GrintaTask;
			productReference = BF648EB92A99E17900EACD20 /* GrintaTask.app */;
			productType = "com.apple.product-type.application";
		};
/* End PBXNativeTarget section */

/* Begin PBXProject section */
		BF648EB12A99E17900EACD20 /* Project object */ = {
			isa = PBXProject;
			attributes = {
				BuildIndependentTargetsInParallel = 1;
				LastSwiftUpdateCheck = 1430;
				LastUpgradeCheck = 1430;
				TargetAttributes = {
					BF648EB82A99E17900EACD20 = {
						CreatedOnToolsVersion = 14.3.1;
					};
				};
			};
			buildConfigurationList = BF648EB42A99E17900EACD20 /* Build configuration list for PBXProject "GrintaTask" */;
			compatibilityVersion = "Xcode 14.0";
			developmentRegion = en;
			hasScannedForEncodings = 0;
			knownRegions = (
				en,
				Base,
			);
			mainGroup = BF648EB02A99E17900EACD20;
			productRefGroup = BF648EBA2A99E17900EACD20 /* Products */;
			projectDirPath = "";
			projectRoot = "";
			targets = (
				BF648EB82A99E17900EACD20 /* GrintaTask */,
			);
		};
/* End PBXProject section */

/* Begin PBXResourcesBuildPhase section */
		BF648EB72A99E17900EACD20 /* Resources */ = {
			isa = PBXResourcesBuildPhase;
			buildActionMask = 2147483647;
			files = (
				BF648F252A9A341100EACD20 /* MatcheTableViewCell.xib in Resources */,
				BF648F2F2A9B3E9800EACD20 /* MatcheHeaderView.xib in Resources */,
				BF648EC92A99E17A00EACD20 /* LaunchScreen.storyboard in Resources */,
				BF648F102A9A05BD00EACD20 /* Colors.xcassets in Resources */,
				BF648EC62A99E17A00EACD20 /* Assets.xcassets in Resources */,
				BF648ED42A99E5FC00EACD20 /* HomeViewController.xib in Resources */,
			);
			runOnlyForDeploymentPostprocessing = 0;
		};
/* End PBXResourcesBuildPhase section */

/* Begin PBXShellScriptBuildPhase section */
		3F15151EF412C8F0D4A629F1 /* [CP] Check Pods Manifest.lock */ = {
			isa = PBXShellScriptBuildPhase;
			buildActionMask = 2147483647;
			files = (
			);
			inputFileListPaths = (
			);
			inputPaths = (
				"${PODS_PODFILE_DIR_PATH}/Podfile.lock",
				"${PODS_ROOT}/Manifest.lock",
			);
			name = "[CP] Check Pods Manifest.lock";
			outputFileListPaths = (
			);
			outputPaths = (
				"$(DERIVED_FILE_DIR)/Pods-GrintaTask-checkManifestLockResult.txt",
			);
			runOnlyForDeploymentPostprocessing = 0;
			shellPath = /bin/sh;
			shellScript = "diff \"${PODS_PODFILE_DIR_PATH}/Podfile.lock\" \"${PODS_ROOT}/Manifest.lock\" > /dev/null\nif [ $? != 0 ] ; then\n    # print error to STDERR\n    echo \"error: The sandbox is not in sync with the Podfile.lock. Run 'pod install' or update your CocoaPods installation.\" >&2\n    exit 1\nfi\n# This output is used by Xcode 'outputs' to avoid re-running this script phase.\necho \"SUCCESS\" > \"${SCRIPT_OUTPUT_FILE_0}\"\n";
			showEnvVarsInLog = 0;
		};
		45122641E6235B6E524EB2AF /* [CP] Embed Pods Frameworks */ = {
			isa = PBXShellScriptBuildPhase;
			buildActionMask = 2147483647;
			files = (
			);
			inputFileListPaths = (
				"${PODS_ROOT}/Target Support Files/Pods-GrintaTask/Pods-GrintaTask-frameworks-${CONFIGURATION}-input-files.xcfilelist",
			);
			name = "[CP] Embed Pods Frameworks";
			outputFileListPaths = (
				"${PODS_ROOT}/Target Support Files/Pods-GrintaTask/Pods-GrintaTask-frameworks-${CONFIGURATION}-output-files.xcfilelist",
			);
			runOnlyForDeploymentPostprocessing = 0;
			shellPath = /bin/sh;
			shellScript = "\"${PODS_ROOT}/Target Support Files/Pods-GrintaTask/Pods-GrintaTask-frameworks.sh\"\n";
			showEnvVarsInLog = 0;
		};
/* End PBXShellScriptBuildPhase section */

/* Begin PBXSourcesBuildPhase section */
		BF648EB52A99E17900EACD20 /* Sources */ = {
			isa = PBXSourcesBuildPhase;
			buildActionMask = 2147483647;
			files = (
				BF648F022A9A046500EACD20 /* HomeViewModel.swift in Sources */,
				BF648F212A9A269900EACD20 /* SceneDelegate+Extension.swift in Sources */,
				BF648EFE2A99FEDB00EACD20 /* ScoreModel.swift in Sources */,
				BF648EE22A99EBC800EACD20 /* NetworkDefaults.swift in Sources */,
				BF648F152A9A186700EACD20 /* NSObject+Extension.swift in Sources */,
				BF648EF12A99EFCE00EACD20 /* MatcheService.swift in Sources */,
				BF648EE52A99EBF400EACD20 /* NetworkError.swift in Sources */,
				BF648F052A9A04D200EACD20 /* BaseViewController.swift in Sources */,
				BF648EBD2A99E17900EACD20 /* AppDelegate.swift in Sources */,
				BF648EFC2A99FECB00EACD20 /* TeamModel.swift in Sources */,
				BF648F1C2A9A261100EACD20 /* AppNavigationController.swift in Sources */,
				BF648F002A99FEFC00EACD20 /* PointModel.swift in Sources */,
				BF648F132A9A185D00EACD20 /* UIColor+app.swift in Sources */,
				BF648EF32A99EFDA00EACD20 /* NetworkManager+Matche.swift in Sources */,
				BF648F292A9A7DC000EACD20 /* TimeDateFormat.swift in Sources */,
				BF648EF62A99F4F800EACD20 /* MatcheModel.swift in Sources */,
				BF648F192A9A25CF00EACD20 /* Container.swift in Sources */,
				BF648F2D2A9B3E8F00EACD20 /* MatcheHeaderView.swift in Sources */,
				BF648EE02A99EBB100EACD20 /* NetworkManager+ParseResponse.swift in Sources */,
				BF648EE92A99ED0B00EACD20 /* Environment.swift in Sources */,
				BF648F072A9A04DC00EACD20 /* BaseViewModelProtocol.swift in Sources */,
				BF648F0A2A9A057B00EACD20 /* Loader.swift in Sources */,
				BF648F1F2A9A266200EACD20 /* AppManager.swift in Sources */,
				BF648EBF2A99E17900EACD20 /* SceneDelegate.swift in Sources */,
				BF648EDE2A99EA4F00EACD20 /* NetworkManager.swift in Sources */,
				BF648EDC2A99E9DD00EACD20 /* AppDelegate+Extension.swift in Sources */,
				BF648ED32A99E5FC00EACD20 /* HomeViewController.swift in Sources */,
				BF648F242A9A341100EACD20 /* MatcheTableViewCell.swift in Sources */,
				BF648F0D2A9A059200EACD20 /* LoaderProtocol.swift in Sources */,
				BF648EF82A99F51E00EACD20 /* NetworkResponse.swift in Sources */,
			);
			runOnlyForDeploymentPostprocessing = 0;
		};
/* End PBXSourcesBuildPhase section */

/* Begin PBXVariantGroup section */
		BF648EC72A99E17A00EACD20 /* LaunchScreen.storyboard */ = {
			isa = PBXVariantGroup;
			children = (
				BF648EC82A99E17A00EACD20 /* Base */,
			);
			name = LaunchScreen.storyboard;
			sourceTree = "<group>";
		};
/* End PBXVariantGroup section */

/* Begin XCBuildConfiguration section */
		BF648ECB2A99E17A00EACD20 /* Debug Stage */ = {
			isa = XCBuildConfiguration;
			baseConfigurationReference = BF648EEA2A99ED1D00EACD20 /* Stage.xcconfig */;
			buildSettings = {
				ALWAYS_SEARCH_USER_PATHS = NO;
				CLANG_ANALYZER_NONNULL = YES;
				CLANG_ANALYZER_NUMBER_OBJECT_CONVERSION = YES_AGGRESSIVE;
				CLANG_CXX_LANGUAGE_STANDARD = "gnu++20";
				CLANG_ENABLE_MODULES = YES;
				CLANG_ENABLE_OBJC_ARC = YES;
				CLANG_ENABLE_OBJC_WEAK = YES;
				CLANG_WARN_BLOCK_CAPTURE_AUTORELEASING = YES;
				CLANG_WARN_BOOL_CONVERSION = YES;
				CLANG_WARN_COMMA = YES;
				CLANG_WARN_CONSTANT_CONVERSION = YES;
				CLANG_WARN_DEPRECATED_OBJC_IMPLEMENTATIONS = YES;
				CLANG_WARN_DIRECT_OBJC_ISA_USAGE = YES_ERROR;
				CLANG_WARN_DOCUMENTATION_COMMENTS = YES;
				CLANG_WARN_EMPTY_BODY = YES;
				CLANG_WARN_ENUM_CONVERSION = YES;
				CLANG_WARN_INFINITE_RECURSION = YES;
				CLANG_WARN_INT_CONVERSION = YES;
				CLANG_WARN_NON_LITERAL_NULL_CONVERSION = YES;
				CLANG_WARN_OBJC_IMPLICIT_RETAIN_SELF = YES;
				CLANG_WARN_OBJC_LITERAL_CONVERSION = YES;
				CLANG_WARN_OBJC_ROOT_CLASS = YES_ERROR;
				CLANG_WARN_QUOTED_INCLUDE_IN_FRAMEWORK_HEADER = YES;
				CLANG_WARN_RANGE_LOOP_ANALYSIS = YES;
				CLANG_WARN_STRICT_PROTOTYPES = YES;
				CLANG_WARN_SUSPICIOUS_MOVE = YES;
				CLANG_WARN_UNGUARDED_AVAILABILITY = YES_AGGRESSIVE;
				CLANG_WARN_UNREACHABLE_CODE = YES;
				CLANG_WARN__DUPLICATE_METHOD_MATCH = YES;
				COPY_PHASE_STRIP = NO;
				DEBUG_INFORMATION_FORMAT = dwarf;
				ENABLE_STRICT_OBJC_MSGSEND = YES;
				ENABLE_TESTABILITY = YES;
				GCC_C_LANGUAGE_STANDARD = gnu11;
				GCC_DYNAMIC_NO_PIC = NO;
				GCC_NO_COMMON_BLOCKS = YES;
				GCC_OPTIMIZATION_LEVEL = 0;
				GCC_PREPROCESSOR_DEFINITIONS = (
					"DEBUG=1",
					"$(inherited)",
				);
				GCC_WARN_64_TO_32_BIT_CONVERSION = YES;
				GCC_WARN_ABOUT_RETURN_TYPE = YES_ERROR;
				GCC_WARN_UNDECLARED_SELECTOR = YES;
				GCC_WARN_UNINITIALIZED_AUTOS = YES_AGGRESSIVE;
				GCC_WARN_UNUSED_FUNCTION = YES;
				GCC_WARN_UNUSED_VARIABLE = YES;
				IPHONEOS_DEPLOYMENT_TARGET = 16.4;
				MTL_ENABLE_DEBUG_INFO = INCLUDE_SOURCE;
				MTL_FAST_MATH = YES;
				ONLY_ACTIVE_ARCH = YES;
				SDKROOT = iphoneos;
				SWIFT_ACTIVE_COMPILATION_CONDITIONS = DEBUG;
				SWIFT_OPTIMIZATION_LEVEL = "-Onone";
			};
			name = "Debug Stage";
		};
		BF648ECC2A99E17A00EACD20 /* Release Stage */ = {
			isa = XCBuildConfiguration;
			baseConfigurationReference = BF648EEA2A99ED1D00EACD20 /* Stage.xcconfig */;
			buildSettings = {
				ALWAYS_SEARCH_USER_PATHS = NO;
				CLANG_ANALYZER_NONNULL = YES;
				CLANG_ANALYZER_NUMBER_OBJECT_CONVERSION = YES_AGGRESSIVE;
				CLANG_CXX_LANGUAGE_STANDARD = "gnu++20";
				CLANG_ENABLE_MODULES = YES;
				CLANG_ENABLE_OBJC_ARC = YES;
				CLANG_ENABLE_OBJC_WEAK = YES;
				CLANG_WARN_BLOCK_CAPTURE_AUTORELEASING = YES;
				CLANG_WARN_BOOL_CONVERSION = YES;
				CLANG_WARN_COMMA = YES;
				CLANG_WARN_CONSTANT_CONVERSION = YES;
				CLANG_WARN_DEPRECATED_OBJC_IMPLEMENTATIONS = YES;
				CLANG_WARN_DIRECT_OBJC_ISA_USAGE = YES_ERROR;
				CLANG_WARN_DOCUMENTATION_COMMENTS = YES;
				CLANG_WARN_EMPTY_BODY = YES;
				CLANG_WARN_ENUM_CONVERSION = YES;
				CLANG_WARN_INFINITE_RECURSION = YES;
				CLANG_WARN_INT_CONVERSION = YES;
				CLANG_WARN_NON_LITERAL_NULL_CONVERSION = YES;
				CLANG_WARN_OBJC_IMPLICIT_RETAIN_SELF = YES;
				CLANG_WARN_OBJC_LITERAL_CONVERSION = YES;
				CLANG_WARN_OBJC_ROOT_CLASS = YES_ERROR;
				CLANG_WARN_QUOTED_INCLUDE_IN_FRAMEWORK_HEADER = YES;
				CLANG_WARN_RANGE_LOOP_ANALYSIS = YES;
				CLANG_WARN_STRICT_PROTOTYPES = YES;
				CLANG_WARN_SUSPICIOUS_MOVE = YES;
				CLANG_WARN_UNGUARDED_AVAILABILITY = YES_AGGRESSIVE;
				CLANG_WARN_UNREACHABLE_CODE = YES;
				CLANG_WARN__DUPLICATE_METHOD_MATCH = YES;
				COPY_PHASE_STRIP = NO;
				DEBUG_INFORMATION_FORMAT = "dwarf-with-dsym";
				ENABLE_NS_ASSERTIONS = NO;
				ENABLE_STRICT_OBJC_MSGSEND = YES;
				GCC_C_LANGUAGE_STANDARD = gnu11;
				GCC_NO_COMMON_BLOCKS = YES;
				GCC_WARN_64_TO_32_BIT_CONVERSION = YES;
				GCC_WARN_ABOUT_RETURN_TYPE = YES_ERROR;
				GCC_WARN_UNDECLARED_SELECTOR = YES;
				GCC_WARN_UNINITIALIZED_AUTOS = YES_AGGRESSIVE;
				GCC_WARN_UNUSED_FUNCTION = YES;
				GCC_WARN_UNUSED_VARIABLE = YES;
				IPHONEOS_DEPLOYMENT_TARGET = 16.4;
				MTL_ENABLE_DEBUG_INFO = NO;
				MTL_FAST_MATH = YES;
				SDKROOT = iphoneos;
				SWIFT_COMPILATION_MODE = wholemodule;
				SWIFT_OPTIMIZATION_LEVEL = "-O";
				VALIDATE_PRODUCT = YES;
			};
			name = "Release Stage";
		};
		BF648ECE2A99E17A00EACD20 /* Debug Stage */ = {
			isa = XCBuildConfiguration;
			baseConfigurationReference = 10EE39D567D9CBBE61499BF3 /* Pods-GrintaTask.debug stage.xcconfig */;
			buildSettings = {
				ASSETCATALOG_COMPILER_APPICON_NAME = AppIcon;
				ASSETCATALOG_COMPILER_GLOBAL_ACCENT_COLOR_NAME = AccentColor;
				CODE_SIGN_STYLE = Automatic;
				CURRENT_PROJECT_VERSION = 1;
				GENERATE_INFOPLIST_FILE = YES;
				INFOPLIST_FILE = GrintaTask/Info.plist;
				INFOPLIST_KEY_UIApplicationSupportsIndirectInputEvents = YES;
				INFOPLIST_KEY_UILaunchStoryboardName = LaunchScreen;
				INFOPLIST_KEY_UISupportedInterfaceOrientations = UIInterfaceOrientationPortrait;
				LD_RUNPATH_SEARCH_PATHS = (
					"$(inherited)",
					"@executable_path/Frameworks",
				);
				MARKETING_VERSION = 1.0;
				PRODUCT_BUNDLE_IDENTIFIER = omnia.samy.GrintaTask;
				PRODUCT_NAME = "$(TARGET_NAME)";
				SWIFT_EMIT_LOC_STRINGS = YES;
				SWIFT_VERSION = 5.0;
				TARGETED_DEVICE_FAMILY = "1,2";
			};
			name = "Debug Stage";
		};
		BF648ECF2A99E17A00EACD20 /* Release Stage */ = {
			isa = XCBuildConfiguration;
			baseConfigurationReference = 2A1765B3A5668D53C9E3EF05 /* Pods-GrintaTask.release stage.xcconfig */;
			buildSettings = {
				ASSETCATALOG_COMPILER_APPICON_NAME = AppIcon;
				ASSETCATALOG_COMPILER_GLOBAL_ACCENT_COLOR_NAME = AccentColor;
				CODE_SIGN_STYLE = Automatic;
				CURRENT_PROJECT_VERSION = 1;
				GENERATE_INFOPLIST_FILE = YES;
				INFOPLIST_FILE = GrintaTask/Info.plist;
				INFOPLIST_KEY_UIApplicationSupportsIndirectInputEvents = YES;
				INFOPLIST_KEY_UILaunchStoryboardName = LaunchScreen;
				INFOPLIST_KEY_UISupportedInterfaceOrientations = UIInterfaceOrientationPortrait;
				LD_RUNPATH_SEARCH_PATHS = (
					"$(inherited)",
					"@executable_path/Frameworks",
				);
				MARKETING_VERSION = 1.0;
				PRODUCT_BUNDLE_IDENTIFIER = omnia.samy.GrintaTask;
				PRODUCT_NAME = "$(TARGET_NAME)";
				SWIFT_EMIT_LOC_STRINGS = YES;
				SWIFT_VERSION = 5.0;
				TARGETED_DEVICE_FAMILY = "1,2";
			};
			name = "Release Stage";
		};
		BF648EEC2A99EE2B00EACD20 /* Debug Live */ = {
			isa = XCBuildConfiguration;
			baseConfigurationReference = BF648EEB2A99ED2500EACD20 /* Live.xcconfig */;
			buildSettings = {
				ALWAYS_SEARCH_USER_PATHS = NO;
				CLANG_ANALYZER_NONNULL = YES;
				CLANG_ANALYZER_NUMBER_OBJECT_CONVERSION = YES_AGGRESSIVE;
				CLANG_CXX_LANGUAGE_STANDARD = "gnu++20";
				CLANG_ENABLE_MODULES = YES;
				CLANG_ENABLE_OBJC_ARC = YES;
				CLANG_ENABLE_OBJC_WEAK = YES;
				CLANG_WARN_BLOCK_CAPTURE_AUTORELEASING = YES;
				CLANG_WARN_BOOL_CONVERSION = YES;
				CLANG_WARN_COMMA = YES;
				CLANG_WARN_CONSTANT_CONVERSION = YES;
				CLANG_WARN_DEPRECATED_OBJC_IMPLEMENTATIONS = YES;
				CLANG_WARN_DIRECT_OBJC_ISA_USAGE = YES_ERROR;
				CLANG_WARN_DOCUMENTATION_COMMENTS = YES;
				CLANG_WARN_EMPTY_BODY = YES;
				CLANG_WARN_ENUM_CONVERSION = YES;
				CLANG_WARN_INFINITE_RECURSION = YES;
				CLANG_WARN_INT_CONVERSION = YES;
				CLANG_WARN_NON_LITERAL_NULL_CONVERSION = YES;
				CLANG_WARN_OBJC_IMPLICIT_RETAIN_SELF = YES;
				CLANG_WARN_OBJC_LITERAL_CONVERSION = YES;
				CLANG_WARN_OBJC_ROOT_CLASS = YES_ERROR;
				CLANG_WARN_QUOTED_INCLUDE_IN_FRAMEWORK_HEADER = YES;
				CLANG_WARN_RANGE_LOOP_ANALYSIS = YES;
				CLANG_WARN_STRICT_PROTOTYPES = YES;
				CLANG_WARN_SUSPICIOUS_MOVE = YES;
				CLANG_WARN_UNGUARDED_AVAILABILITY = YES_AGGRESSIVE;
				CLANG_WARN_UNREACHABLE_CODE = YES;
				CLANG_WARN__DUPLICATE_METHOD_MATCH = YES;
				COPY_PHASE_STRIP = NO;
				DEBUG_INFORMATION_FORMAT = dwarf;
				ENABLE_STRICT_OBJC_MSGSEND = YES;
				ENABLE_TESTABILITY = YES;
				GCC_C_LANGUAGE_STANDARD = gnu11;
				GCC_DYNAMIC_NO_PIC = NO;
				GCC_NO_COMMON_BLOCKS = YES;
				GCC_OPTIMIZATION_LEVEL = 0;
				GCC_PREPROCESSOR_DEFINITIONS = (
					"DEBUG=1",
					"$(inherited)",
				);
				GCC_WARN_64_TO_32_BIT_CONVERSION = YES;
				GCC_WARN_ABOUT_RETURN_TYPE = YES_ERROR;
				GCC_WARN_UNDECLARED_SELECTOR = YES;
				GCC_WARN_UNINITIALIZED_AUTOS = YES_AGGRESSIVE;
				GCC_WARN_UNUSED_FUNCTION = YES;
				GCC_WARN_UNUSED_VARIABLE = YES;
				IPHONEOS_DEPLOYMENT_TARGET = 16.4;
				MTL_ENABLE_DEBUG_INFO = INCLUDE_SOURCE;
				MTL_FAST_MATH = YES;
				ONLY_ACTIVE_ARCH = YES;
				SDKROOT = iphoneos;
				SWIFT_ACTIVE_COMPILATION_CONDITIONS = DEBUG;
				SWIFT_OPTIMIZATION_LEVEL = "-Onone";
			};
			name = "Debug Live";
		};
		BF648EED2A99EE2B00EACD20 /* Debug Live */ = {
			isa = XCBuildConfiguration;
			baseConfigurationReference = FA370036943523F0926EBB77 /* Pods-GrintaTask.debug live.xcconfig */;
			buildSettings = {
				ASSETCATALOG_COMPILER_APPICON_NAME = AppIcon;
				ASSETCATALOG_COMPILER_GLOBAL_ACCENT_COLOR_NAME = AccentColor;
				CODE_SIGN_STYLE = Automatic;
				CURRENT_PROJECT_VERSION = 1;
				GENERATE_INFOPLIST_FILE = YES;
				INFOPLIST_FILE = GrintaTask/Info.plist;
				INFOPLIST_KEY_UIApplicationSupportsIndirectInputEvents = YES;
				INFOPLIST_KEY_UILaunchStoryboardName = LaunchScreen;
				INFOPLIST_KEY_UISupportedInterfaceOrientations = UIInterfaceOrientationPortrait;
				LD_RUNPATH_SEARCH_PATHS = (
					"$(inherited)",
					"@executable_path/Frameworks",
				);
				MARKETING_VERSION = 1.0;
				PRODUCT_BUNDLE_IDENTIFIER = omnia.samy.GrintaTask;
				PRODUCT_NAME = "$(TARGET_NAME)";
				SWIFT_EMIT_LOC_STRINGS = YES;
				SWIFT_VERSION = 5.0;
				TARGETED_DEVICE_FAMILY = "1,2";
			};
			name = "Debug Live";
		};
		BF648EEE2A99EE2D00EACD20 /* Release Live */ = {
			isa = XCBuildConfiguration;
			baseConfigurationReference = BF648EEB2A99ED2500EACD20 /* Live.xcconfig */;
			buildSettings = {
				ALWAYS_SEARCH_USER_PATHS = NO;
				CLANG_ANALYZER_NONNULL = YES;
				CLANG_ANALYZER_NUMBER_OBJECT_CONVERSION = YES_AGGRESSIVE;
				CLANG_CXX_LANGUAGE_STANDARD = "gnu++20";
				CLANG_ENABLE_MODULES = YES;
				CLANG_ENABLE_OBJC_ARC = YES;
				CLANG_ENABLE_OBJC_WEAK = YES;
				CLANG_WARN_BLOCK_CAPTURE_AUTORELEASING = YES;
				CLANG_WARN_BOOL_CONVERSION = YES;
				CLANG_WARN_COMMA = YES;
				CLANG_WARN_CONSTANT_CONVERSION = YES;
				CLANG_WARN_DEPRECATED_OBJC_IMPLEMENTATIONS = YES;
				CLANG_WARN_DIRECT_OBJC_ISA_USAGE = YES_ERROR;
				CLANG_WARN_DOCUMENTATION_COMMENTS = YES;
				CLANG_WARN_EMPTY_BODY = YES;
				CLANG_WARN_ENUM_CONVERSION = YES;
				CLANG_WARN_INFINITE_RECURSION = YES;
				CLANG_WARN_INT_CONVERSION = YES;
				CLANG_WARN_NON_LITERAL_NULL_CONVERSION = YES;
				CLANG_WARN_OBJC_IMPLICIT_RETAIN_SELF = YES;
				CLANG_WARN_OBJC_LITERAL_CONVERSION = YES;
				CLANG_WARN_OBJC_ROOT_CLASS = YES_ERROR;
				CLANG_WARN_QUOTED_INCLUDE_IN_FRAMEWORK_HEADER = YES;
				CLANG_WARN_RANGE_LOOP_ANALYSIS = YES;
				CLANG_WARN_STRICT_PROTOTYPES = YES;
				CLANG_WARN_SUSPICIOUS_MOVE = YES;
				CLANG_WARN_UNGUARDED_AVAILABILITY = YES_AGGRESSIVE;
				CLANG_WARN_UNREACHABLE_CODE = YES;
				CLANG_WARN__DUPLICATE_METHOD_MATCH = YES;
				COPY_PHASE_STRIP = NO;
				DEBUG_INFORMATION_FORMAT = "dwarf-with-dsym";
				ENABLE_NS_ASSERTIONS = NO;
				ENABLE_STRICT_OBJC_MSGSEND = YES;
				GCC_C_LANGUAGE_STANDARD = gnu11;
				GCC_NO_COMMON_BLOCKS = YES;
				GCC_WARN_64_TO_32_BIT_CONVERSION = YES;
				GCC_WARN_ABOUT_RETURN_TYPE = YES_ERROR;
				GCC_WARN_UNDECLARED_SELECTOR = YES;
				GCC_WARN_UNINITIALIZED_AUTOS = YES_AGGRESSIVE;
				GCC_WARN_UNUSED_FUNCTION = YES;
				GCC_WARN_UNUSED_VARIABLE = YES;
				IPHONEOS_DEPLOYMENT_TARGET = 16.4;
				MTL_ENABLE_DEBUG_INFO = NO;
				MTL_FAST_MATH = YES;
				SDKROOT = iphoneos;
				SWIFT_COMPILATION_MODE = wholemodule;
				SWIFT_OPTIMIZATION_LEVEL = "-O";
				VALIDATE_PRODUCT = YES;
			};
			name = "Release Live";
		};
		BF648EEF2A99EE2D00EACD20 /* Release Live */ = {
			isa = XCBuildConfiguration;
			baseConfigurationReference = B7C19E22FB7D949EF8830E29 /* Pods-GrintaTask.release live.xcconfig */;
			buildSettings = {
				ASSETCATALOG_COMPILER_APPICON_NAME = AppIcon;
				ASSETCATALOG_COMPILER_GLOBAL_ACCENT_COLOR_NAME = AccentColor;
				CODE_SIGN_STYLE = Automatic;
				CURRENT_PROJECT_VERSION = 1;
				GENERATE_INFOPLIST_FILE = YES;
				INFOPLIST_FILE = GrintaTask/Info.plist;
				INFOPLIST_KEY_UIApplicationSupportsIndirectInputEvents = YES;
				INFOPLIST_KEY_UILaunchStoryboardName = LaunchScreen;
				INFOPLIST_KEY_UISupportedInterfaceOrientations = UIInterfaceOrientationPortrait;
				LD_RUNPATH_SEARCH_PATHS = (
					"$(inherited)",
					"@executable_path/Frameworks",
				);
				MARKETING_VERSION = 1.0;
				PRODUCT_BUNDLE_IDENTIFIER = omnia.samy.GrintaTask;
				PRODUCT_NAME = "$(TARGET_NAME)";
				SWIFT_EMIT_LOC_STRINGS = YES;
				SWIFT_VERSION = 5.0;
				TARGETED_DEVICE_FAMILY = "1,2";
			};
			name = "Release Live";
		};
/* End XCBuildConfiguration section */

/* Begin XCConfigurationList section */
		BF648EB42A99E17900EACD20 /* Build configuration list for PBXProject "GrintaTask" */ = {
			isa = XCConfigurationList;
			buildConfigurations = (
				BF648ECB2A99E17A00EACD20 /* Debug Stage */,
				BF648EEC2A99EE2B00EACD20 /* Debug Live */,
				BF648ECC2A99E17A00EACD20 /* Release Stage */,
				BF648EEE2A99EE2D00EACD20 /* Release Live */,
			);
			defaultConfigurationIsVisible = 0;
			defaultConfigurationName = "Release Stage";
		};
		BF648ECD2A99E17A00EACD20 /* Build configuration list for PBXNativeTarget "GrintaTask" */ = {
			isa = XCConfigurationList;
			buildConfigurations = (
				BF648ECE2A99E17A00EACD20 /* Debug Stage */,
				BF648EED2A99EE2B00EACD20 /* Debug Live */,
				BF648ECF2A99E17A00EACD20 /* Release Stage */,
				BF648EEF2A99EE2D00EACD20 /* Release Live */,
			);
			defaultConfigurationIsVisible = 0;
			defaultConfigurationName = "Release Stage";
		};
/* End XCConfigurationList section */
	};
	rootObject = BF648EB12A99E17900EACD20 /* Project object */;
}
